
Microsoft Visual Studio Solution File, Format Version 12.00
# Visual Studio 14
VisualStudioVersion = 14.0.25420.1
MinimumVisualStudioVersion = 10.0.40219.1
Project("{2150E333-8FDC-42A3-9474-1A3956D46DE8}") = "src", "src", "{C017AC1E-6688-49B3-BB73-1DD924071BBF}"
EndProject
Project("{2150E333-8FDC-42A3-9474-1A3956D46DE8}") = "Solution Items", "Solution Items", "{F66788A3-BECC-4C0C-B3B2-CF167F397804}"
	ProjectSection(SolutionItems) = preProject
		.gitignore = .gitignore
		global.json = global.json
		README.md = README.md
	EndProjectSection
EndProject
Project("{8BB2217D-0F2D-49D1-97BC-3654ED321F3B}") = "WS.Utilities.Console", "src\WS.Utilities.Console\WS.Utilities.Console.xproj", "{5B557E5C-CCB3-4002-ADED-7F51BA2F723F}"
EndProject
Global
	GlobalSection(SolutionConfigurationPlatforms) = preSolution
		Debug|Any CPU = Debug|Any CPU
		Release|Any CPU = Release|Any CPU
	EndGlobalSection
	GlobalSection(ProjectConfigurationPlatforms) = postSolution
		{5B557E5C-CCB3-4002-ADED-7F51BA2F723F}.Debug|Any CPU.ActiveCfg = Debug|Any CPU
		{5B557E5C-CCB3-4002-ADED-7F51BA2F723F}.Debug|Any CPU.Build.0 = Debug|Any CPU
		{5B557E5C-CCB3-4002-ADED-7F51BA2F723F}.Release|Any CPU.ActiveCfg = Release|Any CPU
		{5B557E5C-CCB3-4002-ADED-7F51BA2F723F}.Release|Any CPU.Build.0 = Release|Any CPU
	EndGlobalSection
	GlobalSection(SolutionProperties) = preSolution
		HideSolutionNode = FALSE
	EndGlobalSection
	GlobalSection(NestedProjects) = preSolution
		{5B557E5C-CCB3-4002-ADED-7F51BA2F723F} = {C017AC1E-6688-49B3-BB73-1DD924071BBF}
	EndGlobalSection
EndGlobal
